// !$*UTF8*$!
{
	archiveVersion = 1;
	classes = {
	};
	objectVersion = 48;
	objects = {

/* Begin PBXBuildFile section */
		AA73CEE820CA1B6700714EE8 /* TableViewCell.swift in Sources */ = {isa = PBXBuildFile; fileRef = AA73CEE720CA1B6700714EE8 /* TableViewCell.swift */; };
		AA73CEEA20CA284300714EE8 /* Pokemon.swift in Sources */ = {isa = PBXBuildFile; fileRef = AA73CEE920CA284300714EE8 /* Pokemon.swift */; };
		AAD4E66D20C793FC00CB0B00 /* AppDelegate.swift in Sources */ = {isa = PBXBuildFile; fileRef = AAD4E66C20C793FC00CB0B00 /* AppDelegate.swift */; };
		AAD4E67220C793FC00CB0B00 /* Main.storyboard in Resources */ = {isa = PBXBuildFile; fileRef = AAD4E67020C793FC00CB0B00 /* Main.storyboard */; };
		AAD4E67520C793FC00CB0B00 /* SplitViewPhoto.xcdatamodeld in Sources */ = {isa = PBXBuildFile; fileRef = AAD4E67320C793FC00CB0B00 /* SplitViewPhoto.xcdatamodeld */; };
		AAD4E67720C793FC00CB0B00 /* Assets.xcassets in Resources */ = {isa = PBXBuildFile; fileRef = AAD4E67620C793FC00CB0B00 /* Assets.xcassets */; };
		AAD4E67A20C793FC00CB0B00 /* LaunchScreen.storyboard in Resources */ = {isa = PBXBuildFile; fileRef = AAD4E67820C793FC00CB0B00 /* LaunchScreen.storyboard */; };
		AAD4E68220C7943900CB0B00 /* DetailViewController.swift in Sources */ = {isa = PBXBuildFile; fileRef = AAD4E68120C7943900CB0B00 /* DetailViewController.swift */; };
		AAD4E68420C7944F00CB0B00 /* MasterViewController.swift in Sources */ = {isa = PBXBuildFile; fileRef = AAD4E68320C7944F00CB0B00 /* MasterViewController.swift */; };
/* End PBXBuildFile section */

/* Begin PBXFileReference section */
		AA73CEE720CA1B6700714EE8 /* TableViewCell.swift */ = {isa = PBXFileReference; lastKnownFileType = sourcecode.swift; path = TableViewCell.swift; sourceTree = "<group>"; };
		AA73CEE920CA284300714EE8 /* Pokemon.swift */ = {isa = PBXFileReference; lastKnownFileType = sourcecode.swift; path = Pokemon.swift; sourceTree = "<group>"; };
		AAD4E66920C793FC00CB0B00 /* SplitViewPhoto.app */ = {isa = PBXFileReference; explicitFileType = wrapper.application; includeInIndex = 0; path = SplitViewPhoto.app; sourceTree = BUILT_PRODUCTS_DIR; };
		AAD4E66C20C793FC00CB0B00 /* AppDelegate.swift */ = {isa = PBXFileReference; lastKnownFileType = sourcecode.swift; path = AppDelegate.swift; sourceTree = "<group>"; };
		AAD4E67120C793FC00CB0B00 /* Base */ = {isa = PBXFileReference; lastKnownFileType = file.storyboard; name = Base; path = Base.lproj/Main.storyboard; sourceTree = "<group>"; };
		AAD4E67420C793FC00CB0B00 /* SplitViewPhoto.xcdatamodel */ = {isa = PBXFileReference; lastKnownFileType = wrapper.xcdatamodel; path = SplitViewPhoto.xcdatamodel; sourceTree = "<group>"; };
		AAD4E67620C793FC00CB0B00 /* Assets.xcassets */ = {isa = PBXFileReference; lastKnownFileType = folder.assetcatalog; path = Assets.xcassets; sourceTree = "<group>"; };
		AAD4E67920C793FC00CB0B00 /* Base */ = {isa = PBXFileReference; lastKnownFileType = file.storyboard; name = Base; path = Base.lproj/LaunchScreen.storyboard; sourceTree = "<group>"; };
		AAD4E67B20C793FC00CB0B00 /* Info.plist */ = {isa = PBXFileReference; lastKnownFileType = text.plist.xml; path = Info.plist; sourceTree = "<group>"; };
		AAD4E68120C7943900CB0B00 /* DetailViewController.swift */ = {isa = PBXFileReference; lastKnownFileType = sourcecode.swift; path = DetailViewController.swift; sourceTree = "<group>"; };
		AAD4E68320C7944F00CB0B00 /* MasterViewController.swift */ = {isa = PBXFileReference; lastKnownFileType = sourcecode.swift; path = MasterViewController.swift; sourceTree = "<group>"; };
/* End PBXFileReference section */

/* Begin PBXFrameworksBuildPhase section */
		AAD4E66620C793FC00CB0B00 /* Frameworks */ = {
			isa = PBXFrameworksBuildPhase;
			buildActionMask = 2147483647;
			files = (
			);
			runOnlyForDeploymentPostprocessing = 0;
		};
/* End PBXFrameworksBuildPhase section */

/* Begin PBXGroup section */
		AAD4E66020C793FC00CB0B00 = {
			isa = PBXGroup;
			children = (
				AAD4E66B20C793FC00CB0B00 /* SplitViewPhoto */,
				AAD4E66A20C793FC00CB0B00 /* Products */,
			);
			sourceTree = "<group>";
		};
		AAD4E66A20C793FC00CB0B00 /* Products */ = {
			isa = PBXGroup;
			children = (
				AAD4E66920C793FC00CB0B00 /* SplitViewPhoto.app */,
			);
			name = Products;
			sourceTree = "<group>";
		};
		AAD4E66B20C793FC00CB0B00 /* SplitViewPhoto */ = {
			isa = PBXGroup;
			children = (
				AAD4E66C20C793FC00CB0B00 /* AppDelegate.swift */,
				AAD4E68320C7944F00CB0B00 /* MasterViewController.swift */,
				AA73CEE920CA284300714EE8 /* Pokemon.swift */,
				AA73CEE720CA1B6700714EE8 /* TableViewCell.swift */,
				AAD4E68120C7943900CB0B00 /* DetailViewController.swift */,
				AAD4E67020C793FC00CB0B00 /* Main.storyboard */,
				AAD4E67620C793FC00CB0B00 /* Assets.xcassets */,
				AAD4E67820C793FC00CB0B00 /* LaunchScreen.storyboard */,
				AAD4E67B20C793FC00CB0B00 /* Info.plist */,
				AAD4E67320C793FC00CB0B00 /* SplitViewPhoto.xcdatamodeld */,
			);
			path = SplitViewPhoto;
			sourceTree = "<group>";
		};
/* End PBXGroup section */

/* Begin PBXNativeTarget section */
		AAD4E66820C793FC00CB0B00 /* SplitViewPhoto */ = {
			isa = PBXNativeTarget;
			buildConfigurationList = AAD4E67E20C793FC00CB0B00 /* Build configuration list for PBXNativeTarget "SplitViewPhoto" */;
			buildPhases = (
				AAD4E66520C793FC00CB0B00 /* Sources */,
				AAD4E66620C793FC00CB0B00 /* Frameworks */,
				AAD4E66720C793FC00CB0B00 /* Resources */,
			);
			buildRules = (
			);
			dependencies = (
			);
			name = SplitViewPhoto;
			productName = SplitViewPhoto;
			productReference = AAD4E66920C793FC00CB0B00 /* SplitViewPhoto.app */;
			productType = "com.apple.product-type.application";
		};
/* End PBXNativeTarget section */

/* Begin PBXProject section */
		AAD4E66120C793FC00CB0B00 /* Project object */ = {
			isa = PBXProject;
			attributes = {
				LastSwiftUpdateCheck = 0920;
				LastUpgradeCheck = 0920;
				ORGANIZATIONNAME = "tham gia huy";
				TargetAttributes = {
					AAD4E66820C793FC00CB0B00 = {
						CreatedOnToolsVersion = 9.2;
						ProvisioningStyle = Automatic;
					};
				};
			};
			buildConfigurationList = AAD4E66420C793FC00CB0B00 /* Build configuration list for PBXProject "SplitViewPhoto" */;
			compatibilityVersion = "Xcode 8.0";
			developmentRegion = en;
			hasScannedForEncodings = 0;
			knownRegions = (
				en,
				Base,
			);
			mainGroup = AAD4E66020C793FC00CB0B00;
			productRefGroup = AAD4E66A20C793FC00CB0B00 /* Products */;
			projectDirPath = "";
			projectRoot = "";
			targets = (
				AAD4E66820C793FC00CB0B00 /* SplitViewPhoto */,
			);
		};
/* End PBXProject section */

/* Begin PBXResourcesBuildPhase section */
		AAD4E66720C793FC00CB0B00 /* Resources */ = {
			isa = PBXResourcesBuildPhase;
			buildActionMask = 2147483647;
			files = (
				AAD4E67A20C793FC00CB0B00 /* LaunchScreen.storyboard in Resources */,
				AAD4E67720C793FC00CB0B00 /* Assets.xcassets in Resources */,
				AAD4E67220C793FC00CB0B00 /* Main.storyboard in Resources */,
			);
			runOnlyForDeploymentPostprocessing = 0;
		};
/* End PBXResourcesBuildPhase section */

/* Begin PBXSourcesBuildPhase section */
		AAD4E66520C793FC00CB0B00 /* Sources */ = {
			isa = PBXSourcesBuildPhase;
			buildActionMask = 2147483647;
			files = (
				AA73CEE820CA1B6700714EE8 /* TableViewCell.swift in Sources */,
				AAD4E68420C7944F00CB0B00 /* MasterViewController.swift in Sources */,
				AAD4E68220C7943900CB0B00 /* DetailViewController.swift in Sources */,
				AAD4E67520C793FC00CB0B00 /* SplitViewPhoto.xcdatamodeld in Sources */,
				AAD4E66D20C793FC00CB0B00 /* AppDelegate.swift in Sources */,
				AA73CEEA20CA284300714EE8 /* Pokemon.swift in Sources */,
			);
			runOnlyForDeploymentPostprocessing = 0;
		};
/* End PBXSourcesBuildPhase section */

/* Begin PBXVariantGroup section */
		AAD4E67020C793FC00CB0B00 /* Main.storyboard */ = {
			isa = PBXVariantGroup;
			children = (
				AAD4E67120C793FC00CB0B00 /* Base */,
			);
			name = Main.storyboard;
			sourceTree = "<group>";
		};
		AAD4E67820C793FC00CB0B00 /* LaunchScreen.storyboard */ = {
			isa = PBXVariantGroup;
			children = (
				AAD4E67920C793FC00CB0B00 /* Base */,
			);
			name = LaunchScreen.storyboard;
			sourceTree = "<group>";
		};
/* End PBXVariantGroup section */

/* Begin XCBuildConfiguration section */
		AAD4E67C20C793FC00CB0B00 /* Debug */ = {
			isa = XCBuildConfiguration;
			buildSettings = {
				ALWAYS_SEARCH_USER_PATHS = NO;
				CLANG_ANALYZER_NONNULL = YES;
				CLANG_ANALYZER_NUMBER_OBJECT_CONVERSION = YES_AGGRESSIVE;
				CLANG_CXX_LANGUAGE_STANDARD = "gnu++14";
				CLANG_CXX_LIBRARY = "libc++";
				CLANG_ENABLE_MODULES = YES;
				CLANG_ENABLE_OBJC_ARC = YES;
				CLANG_WARN_BLOCK_CAPTURE_AUTORELEASING = YES;
				CLANG_WARN_BOOL_CONVERSION = YES;
				CLANG_WARN_COMMA = YES;
				CLANG_WARN_CONSTANT_CONVERSION = YES;
				CLANG_WARN_DIRECT_OBJC_ISA_USAGE = YES_ERROR;
				CLANG_WARN_DOCUMENTATION_COMMENTS = YES;
				CLANG_WARN_EMPTY_BODY = YES;
				CLANG_WARN_ENUM_CONVERSION = YES;
				CLANG_WARN_INFINITE_RECURSION = YES;
				CLANG_WARN_INT_CONVERSION = YES;
				CLANG_WARN_NON_LITERAL_NULL_CONVERSION = YES;
				CLANG_WARN_OBJC_LITERAL_CONVERSION = YES;
				CLANG_WARN_OBJC_ROOT_CLASS = YES_ERROR;
				CLANG_WARN_RANGE_LOOP_ANALYSIS = YES;
				CLANG_WARN_STRICT_PROTOTYPES = YES;
				CLANG_WARN_SUSPICIOUS_MOVE = YES;
				CLANG_WARN_UNGUARDED_AVAILABILITY = YES_AGGRESSIVE;
				CLANG_WARN_UNREACHABLE_CODE = YES;
				CLANG_WARN__DUPLICATE_METHOD_MATCH = YES;
				CODE_SIGN_IDENTITY = "iPhone Developer";
				COPY_PHASE_STRIP = NO;
				DEBUG_INFORMATION_FORMAT = dwarf;
				ENABLE_STRICT_OBJC_MSGSEND = YES;
				ENABLE_TESTABILITY = YES;
				GCC_C_LANGUAGE_STANDARD = gnu11;
				GCC_DYNAMIC_NO_PIC = NO;
				GCC_NO_COMMON_BLOCKS = YES;
				GCC_OPTIMIZATION_LEVEL = 0;
				GCC_PREPROCESSOR_DEFINITIONS = (
					"DEBUG=1",
					"$(inherited)",
				);
				GCC_WARN_64_TO_32_BIT_CONVERSION = YES;
				GCC_WARN_ABOUT_RETURN_TYPE = YES_ERROR;
				GCC_WARN_UNDECLARED_SELECTOR = YES;
				GCC_WARN_UNINITIALIZED_AUTOS = YES_AGGRESSIVE;
				GCC_WARN_UNUSED_FUNCTION = YES;
				GCC_WARN_UNUSED_VARIABLE = YES;
				IPHONEOS_DEPLOYMENT_TARGET = 11.2;
				MTL_ENABLE_DEBUG_INFO = YES;
				ONLY_ACTIVE_ARCH = YES;
				SDKROOT = iphoneos;
				SWIFT_ACTIVE_COMPILATION_CONDITIONS = DEBUG;
				SWIFT_OPTIMIZATION_LEVEL = "-Onone";
			};
			name = Debug;
		};
		AAD4E67D20C793FC00CB0B00 /* Release */ = {
			isa = XCBuildConfiguration;
			buildSettings = {
				ALWAYS_SEARCH_USER_PATHS = NO;
				CLANG_ANALYZER_NONNULL = YES;
				CLANG_ANALYZER_NUMBER_OBJECT_CONVERSION = YES_AGGRESSIVE;
				CLANG_CXX_LANGUAGE_STANDARD = "gnu++14";
				CLANG_CXX_LIBRARY = "libc++";
				CLANG_ENABLE_MODULES = YES;
				CLANG_ENABLE_OBJC_ARC = YES;
				CLANG_WARN_BLOCK_CAPTURE_AUTORELEASING = YES;
				CLANG_WARN_BOOL_CONVERSION = YES;
				CLANG_WARN_COMMA = YES;
				CLANG_WARN_CONSTANT_CONVERSION = YES;
				CLANG_WARN_DIRECT_OBJC_ISA_USAGE = YES_ERROR;
				CLANG_WARN_DOCUMENTATION_COMMENTS = YES;
				CLANG_WARN_EMPTY_BODY = YES;
				CLANG_WARN_ENUM_CONVERSION = YES;
				CLANG_WARN_INFINITE_RECURSION = YES;
				CLANG_WARN_INT_CONVERSION = YES;
				CLANG_WARN_NON_LITERAL_NULL_CONVERSION = YES;
				CLANG_WARN_OBJC_LITERAL_CONVERSION = YES;
				CLANG_WARN_OBJC_ROOT_CLASS = YES_ERROR;
				CLANG_WARN_RANGE_LOOP_ANALYSIS = YES;
				CLANG_WARN_STRICT_PROTOTYPES = YES;
				CLANG_WARN_SUSPICIOUS_MOVE = YES;
				CLANG_WARN_UNGUARDED_AVAILABILITY = YES_AGGRESSIVE;
				CLANG_WARN_UNREACHABLE_CODE = YES;
				CLANG_WARN__DUPLICATE_METHOD_MATCH = YES;
				CODE_SIGN_IDENTITY = "iPhone Developer";
				COPY_PHASE_STRIP = NO;
				DEBUG_INFORMATION_FORMAT = "dwarf-with-dsym";
				ENABLE_NS_ASSERTIONS = NO;
				ENABLE_STRICT_OBJC_MSGSEND = YES;
				GCC_C_LANGUAGE_STANDARD = gnu11;
				GCC_NO_COMMON_BLOCKS = YES;
				GCC_WARN_64_TO_32_BIT_CONVERSION = YES;
				GCC_WARN_ABOUT_RETURN_TYPE = YES_ERROR;
				GCC_WARN_UNDECLARED_SELECTOR = YES;
				GCC_WARN_UNINITIALIZED_AUTOS = YES_AGGRESSIVE;
				GCC_WARN_UNUSED_FUNCTION = YES;
				GCC_WARN_UNUSED_VARIABLE = YES;
				IPHONEOS_DEPLOYMENT_TARGET = 11.2;
				MTL_ENABLE_DEBUG_INFO = NO;
				SDKROOT = iphoneos;
				SWIFT_OPTIMIZATION_LEVEL = "-Owholemodule";
				VALIDATE_PRODUCT = YES;
			};
			name = Release;
		};
		AAD4E67F20C793FC00CB0B00 /* Debug */ = {
			isa = XCBuildConfiguration;
			buildSettings = {
				ASSETCATALOG_COMPILER_APPICON_NAME = AppIcon;
				CODE_SIGN_STYLE = Automatic;
				INFOPLIST_FILE = SplitViewPhoto/Info.plist;
				LD_RUNPATH_SEARCH_PATHS = "$(inherited) @executable_path/Frameworks";
				PRODUCT_BUNDLE_IDENTIFIER = huy.SplitViewPhoto;
				PRODUCT_NAME = "$(TARGET_NAME)";
				SWIFT_VERSION = 4.0;
				TARGETED_DEVICE_FAMILY = "1,2";
			};
			name = Debug;
		};
		AAD4E68020C793FC00CB0B00 /* Release */ = {
			isa = XCBuildConfiguration;
			buildSettings = {
				ASSETCATALOG_COMPILER_APPICON_NAME = AppIcon;
				CODE_SIGN_STYLE = Automatic;
				INFOPLIST_FILE = SplitViewPhoto/Info.plist;
				LD_RUNPATH_SEARCH_PATHS = "$(inherited) @executable_path/Frameworks";
				PRODUCT_BUNDLE_IDENTIFIER = huy.SplitViewPhoto;
				PRODUCT_NAME = "$(TARGET_NAME)";
				SWIFT_VERSION = 4.0;
				TARGETED_DEVICE_FAMILY = "1,2";
			};
			name = Release;
		};
/* End XCBuildConfiguration section */

/* Begin XCConfigurationList section */
		AAD4E66420C793FC00CB0B00 /* Build configuration list for PBXProject "SplitViewPhoto" */ = {
			isa = XCConfigurationList;
			buildConfigurations = (
				AAD4E67C20C793FC00CB0B00 /* Debug */,
				AAD4E67D20C793FC00CB0B00 /* Release */,
			);
			defaultConfigurationIsVisible = 0;
			defaultConfigurationName = Release;
		};
		AAD4E67E20C793FC00CB0B00 /* Build configuration list for PBXNativeTarget "SplitViewPhoto" */ = {
			isa = XCConfigurationList;
			buildConfigurations = (
				AAD4E67F20C793FC00CB0B00 /* Debug */,
				AAD4E68020C793FC00CB0B00 /* Release */,
			);
			defaultConfigurationIsVisible = 0;
			defaultConfigurationName = Release;
		};
/* End XCConfigurationList section */

/* Begin XCVersionGroup section */
		AAD4E67320C793FC00CB0B00 /* SplitViewPhoto.xcdatamodeld */ = {
			isa = XCVersionGroup;
			children = (
				AAD4E67420C793FC00CB0B00 /* SplitViewPhoto.xcdatamodel */,
			);
			currentVersion = AAD4E67420C793FC00CB0B00 /* SplitViewPhoto.xcdatamodel */;
			path = SplitViewPhoto.xcdatamodeld;
			sourceTree = "<group>";
			versionGroupType = wrapper.xcdatamodel;
		};
/* End XCVersionGroup section */
	};
	rootObject = AAD4E66120C793FC00CB0B00 /* Project object */;
}
